PODS:
  - Flutter (1.0.0)
  - galacean_native_player (0.0.1):
    - Flutter
    - SSZipArchive (~> 2.4)
  - integration_test (0.0.1):
    - Flutter
  - SSZipArchive (2.4.3)

DEPENDENCIES:
  - Flutter (from `Flutter`)
  - galacean_native_player (from `.symlinks/plugins/galacean_native_player/ios`)
  - integration_test (from `.symlinks/plugins/integration_test/ios`)

SPEC REPOS:
  trunk:
    - SSZipArchive

EXTERNAL SOURCES:
  Flutter:
    :path: Flutter
  galacean_native_player:
    :path: ".symlinks/plugins/galacean_native_player/ios"
  integration_test:
    :path: ".symlinks/plugins/integration_test/ios"

SPEC CHECKSUMS:
  Flutter: e0871f40cf51350855a761d2e70bf5af5b9b5de7
  galacean_native_player: 6e8b8c21efb2d8ea5e062da26ff22ee6daa57172
  integration_test: 252f60fa39af5e17c3aa9899d35d908a0721b573
  SSZipArchive: fe6a26b2a54d5a0890f2567b5cc6de5caa600aef

PODFILE CHECKSUM: 819463e6a0290f5a72f145ba7cde16e8b6ef0796

COCOAPODS: 1.16.2
